
Microsoft Visual Studio Solution File, Format Version 12.00
# Visual Studio Version 17
VisualStudioVersion = 17.14.37531.7
MinimumVisualStudioVersion = 10.0.40219.1
Project("{FAE04EC0-301F-11D3-BF4B-00C04F79EFBC}") = "Blazor", "Blazor\Blazor.csproj", "{EBC47507-3633-475E-B7AA-82C0DDB38328}"
EndProject
Project("{FAE04EC0-301F-11D3-BF4B-00C04F79EFBC}") = "TODOlist", "TODOlist\TODOlist.csproj", "{492D0381-D80E-429B-8776-E5EBE274B4FE}"
EndProject
Project("{FAE04EC0-301F-11D3-BF4B-00C04F79EFBC}") = "Movies", "Movies\Movies.csproj", "{78F9E408-0713-42A6-84A2-92359704AB00}"
EndProject
Project("{FAE04EC0-301F-11D3-BF4B-00C04F79EFBC}") = "Academy", "Academy\Academy.csproj", "{6B6494D3-BFB2-023E-8180-406B67D58B8A}"
EndProject
Global
	GlobalSection(SolutionConfigurationPlatforms) = preSolution
		Debug|Any CPU = Debug|Any CPU
		Release|Any CPU = Release|Any CPU
	EndGlobalSection
	GlobalSection(ProjectConfigurationPlatforms) = postSolution
		{EBC47507-3633-475E-B7AA-82C0DDB38328}.Debug|Any CPU.ActiveCfg = Debug|Any CPU
		{EBC47507-3633-475E-B7AA-82C0DDB38328}.Debug|Any CPU.Build.0 = Debug|Any CPU
		{EBC47507-3633-475E-B7AA-82C0DDB38328}.Release|Any CPU.ActiveCfg = Release|Any CPU
		{EBC47507-3633-475E-B7AA-82C0DDB38328}.Release|Any CPU.Build.0 = Release|Any CPU
		{492D0381-D80E-429B-8776-E5EBE274B4FE}.Debug|Any CPU.ActiveCfg = Debug|Any CPU
		{492D0381-D80E-429B-8776-E5EBE274B4FE}.Debug|Any CPU.Build.0 = Debug|Any CPU
		{492D0381-D80E-429B-8776-E5EBE274B4FE}.Release|Any CPU.ActiveCfg = Release|Any CPU
		{492D0381-D80E-429B-8776-E5EBE274B4FE}.Release|Any CPU.Build.0 = Release|Any CPU
		{78F9E408-0713-42A6-84A2-92359704AB00}.Debug|Any CPU.ActiveCfg = Debug|Any CPU
		{78F9E408-0713-42A6-84A2-92359704AB00}.Debug|Any CPU.Build.0 = Debug|Any CPU
		{78F9E408-0713-42A6-84A2-92359704AB00}.Release|Any CPU.ActiveCfg = Release|Any CPU
		{78F9E408-0713-42A6-84A2-92359704AB00}.Release|Any CPU.Build.0 = Release|Any CPU
		{6B6494D3-BFB2-023E-8180-406B67D58B8A}.Debug|Any CPU.ActiveCfg = Debug|Any CPU
		{6B6494D3-BFB2-023E-8180-406B67D58B8A}.Debug|Any CPU.Build.0 = Debug|Any CPU
		{6B6494D3-BFB2-023E-8180-406B67D58B8A}.Release|Any CPU.ActiveCfg = Release|Any CPU
		{6B6494D3-BFB2-023E-8180-406B67D58B8A}.Release|Any CPU.Build.0 = Release|Any CPU
	EndGlobalSection
	GlobalSection(SolutionProperties) = preSolution
		HideSolutionNode = FALSE
	EndGlobalSection
	GlobalSection(ExtensibilityGlobals) = postSolution
		SolutionGuid = {CA7EE20A-EF37-486A-9995-999E1472A909}
	EndGlobalSection
EndGlobal
